
Microsoft Visual Studio Solution File, Format Version 12.00
# Visual Studio Version 17
VisualStudioVersion = 17.2.32526.322
MinimumVisualStudioVersion = 10.0.40219.1
Project("{9A19103F-16F7-4668-BE54-9A1E7A4F7556}") = "SingletonSample", "SingletonSample\SingletonSample.csproj", "{D289BD9A-956D-4631-BFD8-3CD6C84E6180}"
EndProject
Project("{9A19103F-16F7-4668-BE54-9A1E7A4F7556}") = "PrototypeSample", "PrototypeSample\PrototypeSample.csproj", "{7DBDAE57-0E08-49FA-AB81-AC4731349837}"
EndProject
Project("{9A19103F-16F7-4668-BE54-9A1E7A4F7556}") = "PrototypeManagerSample", "PrototypeManagerSample\PrototypeManagerSample.csproj", "{1C8F80B1-C8B0-4C34-9831-9334362A4427}"
EndProject
Project("{9A19103F-16F7-4668-BE54-9A1E7A4F7556}") = "BuilderSample", "BuilderSample\BuilderSample.csproj", "{E8C2C4CC-6521-44CE-B0CB-2CA2DB4112F2}"
EndProject
Project("{9A19103F-16F7-4668-BE54-9A1E7A4F7556}") = "BuilderExtend", "BuilderExtend\BuilderExtend.csproj", "{7B2A4D97-DE83-4F65-A2FD-7F6593F727E2}"
EndProject
Project("{9A19103F-16F7-4668-BE54-9A1E7A4F7556}") = "CompositeSample", "CompositeSample\CompositeSample.csproj", "{EE96945A-F9A3-46C3-B92A-D7E0C898AF0C}"
EndProject
Project("{9A19103F-16F7-4668-BE54-9A1E7A4F7556}") = "DecoratorSample", "DecoratorSample\DecoratorSample.csproj", "{EC010216-336D-4361-BEBF-811BF01F8BE2}"
EndProject
Project("{9A19103F-16F7-4668-BE54-9A1E7A4F7556}") = "ProxySample", "ProxySample\ProxySample.csproj", "{081BED83-C44A-47B8-AC97-2E463D2FA366}"
EndProject
Project("{9A19103F-16F7-4668-BE54-9A1E7A4F7556}") = "FacadeSample", "FacadeSample\FacadeSample.csproj", "{12EE058F-DEDD-4D6F-A604-79D6046C5E55}"
EndProject
Project("{9A19103F-16F7-4668-BE54-9A1E7A4F7556}") = "FlyweightSample", "FlyweightSample\FlyweightSample.csproj", "{1E22B6C0-6658-4FC9-A60B-C115D2C7290B}"
EndProject
Project("{FAE04EC0-301F-11D3-BF4B-00C04F79EFBC}") = "VisitorSample", "VisitorSample\VisitorSample.csproj", "{42360127-9711-4A45-BD93-2CB3965E26E3}"
EndProject
Project("{FAE04EC0-301F-11D3-BF4B-00C04F79EFBC}") = "StrategySample", "StrategySample\StrategySample.csproj", "{BD7E78FB-EC68-4E32-ABED-26E30CF8FC2F}"
EndProject
Project("{FAE04EC0-301F-11D3-BF4B-00C04F79EFBC}") = "TemplateMethodSample", "TemplateMethodSample\TemplateMethodSample.csproj", "{15357864-A18F-4814-835F-6DB4EB32A37D}"
EndProject
Project("{9A19103F-16F7-4668-BE54-9A1E7A4F7556}") = "StateSample", "StateSample\StateSample.csproj", "{602B9086-ABE7-4867-B418-57FCE5328DBB}"
EndProject
Project("{FAE04EC0-301F-11D3-BF4B-00C04F79EFBC}") = "SwitchStateSample", "SwitchStateSample\SwitchStateSample.csproj", "{339A7B8D-906D-4896-B4C9-677BD3A21A19}"
EndProject
Project("{9A19103F-16F7-4668-BE54-9A1E7A4F7556}") = "ScreenStateSample", "ScreenStateSample\ScreenStateSample.csproj", "{00E317AD-28F8-4495-BC33-5F16DD52C5D5}"
EndProject
Project("{9A19103F-16F7-4668-BE54-9A1E7A4F7556}") = "CoRSample", "CoRSample\CoRSample.csproj", "{04873D16-C075-438B-ACA5-5BAB0F465BE1}"
EndProject
Project("{9A19103F-16F7-4668-BE54-9A1E7A4F7556}") = "MementoSample", "MementoSample\MementoSample.csproj", "{1BCD0530-7EC6-47E4-A2C2-F1CA6B2D33EA}"
EndProject
Project("{9A19103F-16F7-4668-BE54-9A1E7A4F7556}") = "MementoExtend", "MementoExtend\MementoExtend.csproj", "{C52898AE-F6D7-49D6-8CAD-FA20CB5AFE3F}"
EndProject
Project("{9A19103F-16F7-4668-BE54-9A1E7A4F7556}") = "CommandSample", "CommandSample\CommandSample.csproj", "{8A4232A4-C42E-4BC5-AE9C-237A6F5E9904}"
EndProject
Project("{9A19103F-16F7-4668-BE54-9A1E7A4F7556}") = "CommandUndoSample", "CommandUndoSample\CommandUndoSample.csproj", "{808F9185-FB8C-4AB1-BFC7-EE4AF26C5BC7}"
EndProject
Project("{9A19103F-16F7-4668-BE54-9A1E7A4F7556}") = "ObserverSample", "ObserverSample\ObserverSample.csproj", "{DF682386-40F6-4D79-9428-7C077836ED24}"
EndProject
Project("{9A19103F-16F7-4668-BE54-9A1E7A4F7556}") = "ObserverExtend", "ObserverExtend\ObserverExtend.csproj", "{4B0DE91B-6B4C-45A1-BB4D-8CAB3824805F}"
EndProject
Project("{9A19103F-16F7-4668-BE54-9A1E7A4F7556}") = "InterpreterSample", "InterpreterSample\InterpreterSample.csproj", "{B7D0DD58-4F55-4EB3-835A-97404F0C1B83}"
EndProject
Project("{9A19103F-16F7-4668-BE54-9A1E7A4F7556}") = "IteratorSample", "IteratorSample\IteratorSample.csproj", "{7AB7DBB7-F792-4D1F-B370-B3E01DAAF35C}"
EndProject
Project("{9A19103F-16F7-4668-BE54-9A1E7A4F7556}") = "AdapterSample", "AdapterSample\AdapterSample.csproj", "{796C0F07-549E-4B64-B560-082E1117452D}"
EndProject
Project("{9A19103F-16F7-4668-BE54-9A1E7A4F7556}") = "MediatorSample", "MediatorSample\MediatorSample.csproj", "{EE56B42E-99AD-4B8B-B63A-C3DEBB3AC1B4}"
EndProject
Project("{9A19103F-16F7-4668-BE54-9A1E7A4F7556}") = "SimpleFactorySample", "SimpleFactory\SimpleFactorySample.csproj", "{57F64719-4A8C-4FC4-9EC8-CE00F2337701}"
EndProject
Project("{9A19103F-16F7-4668-BE54-9A1E7A4F7556}") = "FactoryMethodSample", "FactoryMethodSample\FactoryMethodSample.csproj", "{483FA9F3-02DB-4654-A541-E9FA3DC224DE}"
EndProject
Project("{9A19103F-16F7-4668-BE54-9A1E7A4F7556}") = "AbstractFactorySample", "AbstractFactorySample\AbstractFactorySample.csproj", "{F6318A1E-A57C-4913-828A-8149A05477BC}"
EndProject
Project("{9A19103F-16F7-4668-BE54-9A1E7A4F7556}") = "BridgeSample", "BridgeSample\BridgeSample.csproj", "{E48EE9E8-3A07-4073-AC6F-D73D31C9B278}"
EndProject
Global
	GlobalSection(SolutionConfigurationPlatforms) = preSolution
		Debug|Any CPU = Debug|Any CPU
		Release|Any CPU = Release|Any CPU
	EndGlobalSection
	GlobalSection(ProjectConfigurationPlatforms) = postSolution
		{D289BD9A-956D-4631-BFD8-3CD6C84E6180}.Debug|Any CPU.ActiveCfg = Debug|Any CPU
		{D289BD9A-956D-4631-BFD8-3CD6C84E6180}.Debug|Any CPU.Build.0 = Debug|Any CPU
		{D289BD9A-956D-4631-BFD8-3CD6C84E6180}.Release|Any CPU.ActiveCfg = Release|Any CPU
		{D289BD9A-956D-4631-BFD8-3CD6C84E6180}.Release|Any CPU.Build.0 = Release|Any CPU
		{7DBDAE57-0E08-49FA-AB81-AC4731349837}.Debug|Any CPU.ActiveCfg = Debug|Any CPU
		{7DBDAE57-0E08-49FA-AB81-AC4731349837}.Debug|Any CPU.Build.0 = Debug|Any CPU
		{7DBDAE57-0E08-49FA-AB81-AC4731349837}.Release|Any CPU.ActiveCfg = Release|Any CPU
		{7DBDAE57-0E08-49FA-AB81-AC4731349837}.Release|Any CPU.Build.0 = Release|Any CPU
		{1C8F80B1-C8B0-4C34-9831-9334362A4427}.Debug|Any CPU.ActiveCfg = Debug|Any CPU
		{1C8F80B1-C8B0-4C34-9831-9334362A4427}.Debug|Any CPU.Build.0 = Debug|Any CPU
		{1C8F80B1-C8B0-4C34-9831-9334362A4427}.Release|Any CPU.ActiveCfg = Release|Any CPU
		{1C8F80B1-C8B0-4C34-9831-9334362A4427}.Release|Any CPU.Build.0 = Release|Any CPU
		{E8C2C4CC-6521-44CE-B0CB-2CA2DB4112F2}.Debug|Any CPU.ActiveCfg = Debug|Any CPU
		{E8C2C4CC-6521-44CE-B0CB-2CA2DB4112F2}.Debug|Any CPU.Build.0 = Debug|Any CPU
		{E8C2C4CC-6521-44CE-B0CB-2CA2DB4112F2}.Release|Any CPU.ActiveCfg = Release|Any CPU
		{E8C2C4CC-6521-44CE-B0CB-2CA2DB4112F2}.Release|Any CPU.Build.0 = Release|Any CPU
		{7B2A4D97-DE83-4F65-A2FD-7F6593F727E2}.Debug|Any CPU.ActiveCfg = Debug|Any CPU
		{7B2A4D97-DE83-4F65-A2FD-7F6593F727E2}.Debug|Any CPU.Build.0 = Debug|Any CPU
		{7B2A4D97-DE83-4F65-A2FD-7F6593F727E2}.Release|Any CPU.ActiveCfg = Release|Any CPU
		{7B2A4D97-DE83-4F65-A2FD-7F6593F727E2}.Release|Any CPU.Build.0 = Release|Any CPU
		{EE96945A-F9A3-46C3-B92A-D7E0C898AF0C}.Debug|Any CPU.ActiveCfg = Debug|Any CPU
		{EE96945A-F9A3-46C3-B92A-D7E0C898AF0C}.Debug|Any CPU.Build.0 = Debug|Any CPU
		{EE96945A-F9A3-46C3-B92A-D7E0C898AF0C}.Release|Any CPU.ActiveCfg = Release|Any CPU
		{EE96945A-F9A3-46C3-B92A-D7E0C898AF0C}.Release|Any CPU.Build.0 = Release|Any CPU
		{EC010216-336D-4361-BEBF-811BF01F8BE2}.Debug|Any CPU.ActiveCfg = Debug|Any CPU
		{EC010216-336D-4361-BEBF-811BF01F8BE2}.Debug|Any CPU.Build.0 = Debug|Any CPU
		{EC010216-336D-4361-BEBF-811BF01F8BE2}.Release|Any CPU.ActiveCfg = Release|Any CPU
		{EC010216-336D-4361-BEBF-811BF01F8BE2}.Release|Any CPU.Build.0 = Release|Any CPU
		{081BED83-C44A-47B8-AC97-2E463D2FA366}.Debug|Any CPU.ActiveCfg = Debug|Any CPU
		{081BED83-C44A-47B8-AC97-2E463D2FA366}.Debug|Any CPU.Build.0 = Debug|Any CPU
		{081BED83-C44A-47B8-AC97-2E463D2FA366}.Release|Any CPU.ActiveCfg = Release|Any CPU
		{081BED83-C44A-47B8-AC97-2E463D2FA366}.Release|Any CPU.Build.0 = Release|Any CPU
		{12EE058F-DEDD-4D6F-A604-79D6046C5E55}.Debug|Any CPU.ActiveCfg = Debug|Any CPU
		{12EE058F-DEDD-4D6F-A604-79D6046C5E55}.Debug|Any CPU.Build.0 = Debug|Any CPU
		{12EE058F-DEDD-4D6F-A604-79D6046C5E55}.Release|Any CPU.ActiveCfg = Release|Any CPU
		{12EE058F-DEDD-4D6F-A604-79D6046C5E55}.Release|Any CPU.Build.0 = Release|Any CPU
		{1E22B6C0-6658-4FC9-A60B-C115D2C7290B}.Debug|Any CPU.ActiveCfg = Debug|Any CPU
		{1E22B6C0-6658-4FC9-A60B-C115D2C7290B}.Debug|Any CPU.Build.0 = Debug|Any CPU
		{1E22B6C0-6658-4FC9-A60B-C115D2C7290B}.Release|Any CPU.ActiveCfg = Release|Any CPU
		{1E22B6C0-6658-4FC9-A60B-C115D2C7290B}.Release|Any CPU.Build.0 = Release|Any CPU
		{42360127-9711-4A45-BD93-2CB3965E26E3}.Debug|Any CPU.ActiveCfg = Debug|Any CPU
		{42360127-9711-4A45-BD93-2CB3965E26E3}.Debug|Any CPU.Build.0 = Debug|Any CPU
		{42360127-9711-4A45-BD93-2CB3965E26E3}.Release|Any CPU.ActiveCfg = Release|Any CPU
		{42360127-9711-4A45-BD93-2CB3965E26E3}.Release|Any CPU.Build.0 = Release|Any CPU
		{BD7E78FB-EC68-4E32-ABED-26E30CF8FC2F}.Debug|Any CPU.ActiveCfg = Debug|Any CPU
		{BD7E78FB-EC68-4E32-ABED-26E30CF8FC2F}.Debug|Any CPU.Build.0 = Debug|Any CPU
		{BD7E78FB-EC68-4E32-ABED-26E30CF8FC2F}.Release|Any CPU.ActiveCfg = Release|Any CPU
		{BD7E78FB-EC68-4E32-ABED-26E30CF8FC2F}.Release|Any CPU.Build.0 = Release|Any CPU
		{15357864-A18F-4814-835F-6DB4EB32A37D}.Debug|Any CPU.ActiveCfg = Debug|Any CPU
		{15357864-A18F-4814-835F-6DB4EB32A37D}.Debug|Any CPU.Build.0 = Debug|Any CPU
		{15357864-A18F-4814-835F-6DB4EB32A37D}.Release|Any CPU.ActiveCfg = Release|Any CPU
		{15357864-A18F-4814-835F-6DB4EB32A37D}.Release|Any CPU.Build.0 = Release|Any CPU
		{602B9086-ABE7-4867-B418-57FCE5328DBB}.Debug|Any CPU.ActiveCfg = Debug|Any CPU
		{602B9086-ABE7-4867-B418-57FCE5328DBB}.Debug|Any CPU.Build.0 = Debug|Any CPU
		{602B9086-ABE7-4867-B418-57FCE5328DBB}.Release|Any CPU.ActiveCfg = Release|Any CPU
		{602B9086-ABE7-4867-B418-57FCE5328DBB}.Release|Any CPU.Build.0 = Release|Any CPU
		{339A7B8D-906D-4896-B4C9-677BD3A21A19}.Debug|Any CPU.ActiveCfg = Debug|Any CPU
		{339A7B8D-906D-4896-B4C9-677BD3A21A19}.Debug|Any CPU.Build.0 = Debug|Any CPU
		{339A7B8D-906D-4896-B4C9-677BD3A21A19}.Release|Any CPU.ActiveCfg = Release|Any CPU
		{339A7B8D-906D-4896-B4C9-677BD3A21A19}.Release|Any CPU.Build.0 = Release|Any CPU
		{00E317AD-28F8-4495-BC33-5F16DD52C5D5}.Debug|Any CPU.ActiveCfg = Debug|Any CPU
		{00E317AD-28F8-4495-BC33-5F16DD52C5D5}.Debug|Any CPU.Build.0 = Debug|Any CPU
		{00E317AD-28F8-4495-BC33-5F16DD52C5D5}.Release|Any CPU.ActiveCfg = Release|Any CPU
		{00E317AD-28F8-4495-BC33-5F16DD52C5D5}.Release|Any CPU.Build.0 = Release|Any CPU
		{04873D16-C075-438B-ACA5-5BAB0F465BE1}.Debug|Any CPU.ActiveCfg = Debug|Any CPU
		{04873D16-C075-438B-ACA5-5BAB0F465BE1}.Debug|Any CPU.Build.0 = Debug|Any CPU
		{04873D16-C075-438B-ACA5-5BAB0F465BE1}.Release|Any CPU.ActiveCfg = Release|Any CPU
		{04873D16-C075-438B-ACA5-5BAB0F465BE1}.Release|Any CPU.Build.0 = Release|Any CPU
		{1BCD0530-7EC6-47E4-A2C2-F1CA6B2D33EA}.Debug|Any CPU.ActiveCfg = Debug|Any CPU
		{1BCD0530-7EC6-47E4-A2C2-F1CA6B2D33EA}.Debug|Any CPU.Build.0 = Debug|Any CPU
		{1BCD0530-7EC6-47E4-A2C2-F1CA6B2D33EA}.Release|Any CPU.ActiveCfg = Release|Any CPU
		{1BCD0530-7EC6-47E4-A2C2-F1CA6B2D33EA}.Release|Any CPU.Build.0 = Release|Any CPU
		{C52898AE-F6D7-49D6-8CAD-FA20CB5AFE3F}.Debug|Any CPU.ActiveCfg = Debug|Any CPU
		{C52898AE-F6D7-49D6-8CAD-FA20CB5AFE3F}.Debug|Any CPU.Build.0 = Debug|Any CPU
		{C52898AE-F6D7-49D6-8CAD-FA20CB5AFE3F}.Release|Any CPU.ActiveCfg = Release|Any CPU
		{C52898AE-F6D7-49D6-8CAD-FA20CB5AFE3F}.Release|Any CPU.Build.0 = Release|Any CPU
		{8A4232A4-C42E-4BC5-AE9C-237A6F5E9904}.Debug|Any CPU.ActiveCfg = Debug|Any CPU
		{8A4232A4-C42E-4BC5-AE9C-237A6F5E9904}.Debug|Any CPU.Build.0 = Debug|Any CPU
		{8A4232A4-C42E-4BC5-AE9C-237A6F5E9904}.Release|Any CPU.ActiveCfg = Release|Any CPU
		{8A4232A4-C42E-4BC5-AE9C-237A6F5E9904}.Release|Any CPU.Build.0 = Release|Any CPU
		{808F9185-FB8C-4AB1-BFC7-EE4AF26C5BC7}.Debug|Any CPU.ActiveCfg = Debug|Any CPU
		{808F9185-FB8C-4AB1-BFC7-EE4AF26C5BC7}.Debug|Any CPU.Build.0 = Debug|Any CPU
		{808F9185-FB8C-4AB1-BFC7-EE4AF26C5BC7}.Release|Any CPU.ActiveCfg = Release|Any CPU
		{808F9185-FB8C-4AB1-BFC7-EE4AF26C5BC7}.Release|Any CPU.Build.0 = Release|Any CPU
		{DF682386-40F6-4D79-9428-7C077836ED24}.Debug|Any CPU.ActiveCfg = Debug|Any CPU
		{DF682386-40F6-4D79-9428-7C077836ED24}.Debug|Any CPU.Build.0 = Debug|Any CPU
		{DF682386-40F6-4D79-9428-7C077836ED24}.Release|Any CPU.ActiveCfg = Release|Any CPU
		{DF682386-40F6-4D79-9428-7C077836ED24}.Release|Any CPU.Build.0 = Release|Any CPU
		{4B0DE91B-6B4C-45A1-BB4D-8CAB3824805F}.Debug|Any CPU.ActiveCfg = Debug|Any CPU
		{4B0DE91B-6B4C-45A1-BB4D-8CAB3824805F}.Debug|Any CPU.Build.0 = Debug|Any CPU
		{4B0DE91B-6B4C-45A1-BB4D-8CAB3824805F}.Release|Any CPU.ActiveCfg = Release|Any CPU
		{4B0DE91B-6B4C-45A1-BB4D-8CAB3824805F}.Release|Any CPU.Build.0 = Release|Any CPU
		{B7D0DD58-4F55-4EB3-835A-97404F0C1B83}.Debug|Any CPU.ActiveCfg = Debug|Any CPU
		{B7D0DD58-4F55-4EB3-835A-97404F0C1B83}.Debug|Any CPU.Build.0 = Debug|Any CPU
		{B7D0DD58-4F55-4EB3-835A-97404F0C1B83}.Release|Any CPU.ActiveCfg = Release|Any CPU
		{B7D0DD58-4F55-4EB3-835A-97404F0C1B83}.Release|Any CPU.Build.0 = Release|Any CPU
		{7AB7DBB7-F792-4D1F-B370-B3E01DAAF35C}.Debug|Any CPU.ActiveCfg = Debug|Any CPU
		{7AB7DBB7-F792-4D1F-B370-B3E01DAAF35C}.Debug|Any CPU.Build.0 = Debug|Any CPU
		{7AB7DBB7-F792-4D1F-B370-B3E01DAAF35C}.Release|Any CPU.ActiveCfg = Release|Any CPU
		{7AB7DBB7-F792-4D1F-B370-B3E01DAAF35C}.Release|Any CPU.Build.0 = Release|Any CPU
		{796C0F07-549E-4B64-B560-082E1117452D}.Debug|Any CPU.ActiveCfg = Debug|Any CPU
		{796C0F07-549E-4B64-B560-082E1117452D}.Debug|Any CPU.Build.0 = Debug|Any CPU
		{796C0F07-549E-4B64-B560-082E1117452D}.Release|Any CPU.ActiveCfg = Release|Any CPU
		{796C0F07-549E-4B64-B560-082E1117452D}.Release|Any CPU.Build.0 = Release|Any CPU
		{EE56B42E-99AD-4B8B-B63A-C3DEBB3AC1B4}.Debug|Any CPU.ActiveCfg = Debug|Any CPU
		{EE56B42E-99AD-4B8B-B63A-C3DEBB3AC1B4}.Debug|Any CPU.Build.0 = Debug|Any CPU
		{EE56B42E-99AD-4B8B-B63A-C3DEBB3AC1B4}.Release|Any CPU.ActiveCfg = Release|Any CPU
		{EE56B42E-99AD-4B8B-B63A-C3DEBB3AC1B4}.Release|Any CPU.Build.0 = Release|Any CPU
		{57F64719-4A8C-4FC4-9EC8-CE00F2337701}.Debug|Any CPU.ActiveCfg = Debug|Any CPU
		{57F64719-4A8C-4FC4-9EC8-CE00F2337701}.Debug|Any CPU.Build.0 = Debug|Any CPU
		{57F64719-4A8C-4FC4-9EC8-CE00F2337701}.Release|Any CPU.ActiveCfg = Release|Any CPU
		{57F64719-4A8C-4FC4-9EC8-CE00F2337701}.Release|Any CPU.Build.0 = Release|Any CPU
		{483FA9F3-02DB-4654-A541-E9FA3DC224DE}.Debug|Any CPU.ActiveCfg = Debug|Any CPU
		{483FA9F3-02DB-4654-A541-E9FA3DC224DE}.Debug|Any CPU.Build.0 = Debug|Any CPU
		{483FA9F3-02DB-4654-A541-E9FA3DC224DE}.Release|Any CPU.ActiveCfg = Release|Any CPU
		{483FA9F3-02DB-4654-A541-E9FA3DC224DE}.Release|Any CPU.Build.0 = Release|Any CPU
		{F6318A1E-A57C-4913-828A-8149A05477BC}.Debug|Any CPU.ActiveCfg = Debug|Any CPU
		{F6318A1E-A57C-4913-828A-8149A05477BC}.Debug|Any CPU.Build.0 = Debug|Any CPU
		{F6318A1E-A57C-4913-828A-8149A05477BC}.Release|Any CPU.ActiveCfg = Release|Any CPU
		{F6318A1E-A57C-4913-828A-8149A05477BC}.Release|Any CPU.Build.0 = Release|Any CPU
		{E48EE9E8-3A07-4073-AC6F-D73D31C9B278}.Debug|Any CPU.ActiveCfg = Debug|Any CPU
		{E48EE9E8-3A07-4073-AC6F-D73D31C9B278}.Debug|Any CPU.Build.0 = Debug|Any CPU
		{E48EE9E8-3A07-4073-AC6F-D73D31C9B278}.Release|Any CPU.ActiveCfg = Release|Any CPU
		{E48EE9E8-3A07-4073-AC6F-D73D31C9B278}.Release|Any CPU.Build.0 = Release|Any CPU
	EndGlobalSection
	GlobalSection(SolutionProperties) = preSolution
		HideSolutionNode = FALSE
	EndGlobalSection
	GlobalSection(ExtensibilityGlobals) = postSolution
		SolutionGuid = {8F49212A-5F4E-4A8B-A417-4808E520DDE6}
	EndGlobalSection
EndGlobal
